
Microsoft Visual Studio Solution File, Format Version 12.00
# Visual Studio Version 17
VisualStudioVersion = 17.12.35707.178
MinimumVisualStudioVersion = 10.0.40219.1
Project("{8BC9CEB8-8B4A-11D0-8D11-00A0C91BC942}") = "Pointer", "Pointer.vcxproj", "{A8603672-A2A8-4E26-BB9F-E797E5F1011B}"
EndProject
Project("{2150E333-8FDC-42A3-9474-1A3956D46DE8}") = "CH2", "CH2", "{F6827C29-591F-458F-AD2B-9594871DE5A4}"
EndProject
Project("{8BC9CEB8-8B4A-11D0-8D11-00A0C91BC942}") = "ch02", "..\ch02\ch02.vcxproj", "{154A466B-E34B-43A9-8B62-601610FF3975}"
EndProject
Project("{2150E333-8FDC-42A3-9474-1A3956D46DE8}") = "input", "input", "{59BB0F28-18BF-4848-A0EC-C9238DC1D88A}"
EndProject
Project("{8BC9CEB8-8B4A-11D0-8D11-00A0C91BC942}") = "playerinput", "..\playerinput\playerinput.vcxproj", "{EAD76EB4-6BB4-4248-8772-CF97569445E1}"
EndProject
Project("{2150E333-8FDC-42A3-9474-1A3956D46DE8}") = "CH3", "CH3", "{18DCF705-8822-43E9-B5D1-6B8FE1F726FF}"
EndProject
Project("{8BC9CEB8-8B4A-11D0-8D11-00A0C91BC942}") = "ch03", "..\ch03\ch03.vcxproj", "{5DECEEAE-6648-47F7-8B2A-D9A4E95028C7}"
EndProject
Project("{2150E333-8FDC-42A3-9474-1A3956D46DE8}") = "CH4", "CH4", "{8BDA2000-DD16-46BB-8506-826E65093B85}"
EndProject
Project("{8BC9CEB8-8B4A-11D0-8D11-00A0C91BC942}") = "ch4!", "..\ch4!\ch4!.vcxproj", "{619768C7-E28C-4F2D-9CFC-AA3E3BA56E88}"
EndProject
Project("{2150E333-8FDC-42A3-9474-1A3956D46DE8}") = "CH5", "CH5", "{38D28C57-2078-4B9E-B554-76D335143B50}"
EndProject
Project("{8BC9CEB8-8B4A-11D0-8D11-00A0C91BC942}") = "CH.5", "..\CH.5\CH.5.vcxproj", "{1D912894-05EF-4673-A291-BB7705CDE347}"
EndProject
Project("{2150E333-8FDC-42A3-9474-1A3956D46DE8}") = "CH6", "CH6", "{83C8AE16-E89F-4314-BA0C-EFE11C5566BA}"
EndProject
Project("{8BC9CEB8-8B4A-11D0-8D11-00A0C91BC942}") = "ch6", "..\ch6\ch6.vcxproj", "{A5A96B9C-C73A-494B-98B3-AC236D48B5AC}"
EndProject
Project("{2150E333-8FDC-42A3-9474-1A3956D46DE8}") = "CH7", "CH7", "{83BCE6C1-483B-42A6-9C03-694CD0497EF7}"
EndProject
Project("{8BC9CEB8-8B4A-11D0-8D11-00A0C91BC942}") = "CH7", "..\CH7\CH7.vcxproj", "{604CD2F0-EA39-4A54-B98B-E90B40B5D962}"
EndProject
Global
	GlobalSection(SolutionConfigurationPlatforms) = preSolution
		Debug|x64 = Debug|x64
		Debug|x86 = Debug|x86
		Release|x64 = Release|x64
		Release|x86 = Release|x86
	EndGlobalSection
	GlobalSection(ProjectConfigurationPlatforms) = postSolution
		{A8603672-A2A8-4E26-BB9F-E797E5F1011B}.Debug|x64.ActiveCfg = Debug|x64
		{A8603672-A2A8-4E26-BB9F-E797E5F1011B}.Debug|x64.Build.0 = Debug|x64
		{A8603672-A2A8-4E26-BB9F-E797E5F1011B}.Debug|x86.ActiveCfg = Debug|Win32
		{A8603672-A2A8-4E26-BB9F-E797E5F1011B}.Debug|x86.Build.0 = Debug|Win32
		{A8603672-A2A8-4E26-BB9F-E797E5F1011B}.Release|x64.ActiveCfg = Release|x64
		{A8603672-A2A8-4E26-BB9F-E797E5F1011B}.Release|x64.Build.0 = Release|x64
		{A8603672-A2A8-4E26-BB9F-E797E5F1011B}.Release|x86.ActiveCfg = Release|Win32
		{A8603672-A2A8-4E26-BB9F-E797E5F1011B}.Release|x86.Build.0 = Release|Win32
		{154A466B-E34B-43A9-8B62-601610FF3975}.Debug|x64.ActiveCfg = Debug|x64
		{154A466B-E34B-43A9-8B62-601610FF3975}.Debug|x64.Build.0 = Debug|x64
		{154A466B-E34B-43A9-8B62-601610FF3975}.Debug|x86.ActiveCfg = Debug|Win32
		{154A466B-E34B-43A9-8B62-601610FF3975}.Debug|x86.Build.0 = Debug|Win32
		{154A466B-E34B-43A9-8B62-601610FF3975}.Release|x64.ActiveCfg = Release|x64
		{154A466B-E34B-43A9-8B62-601610FF3975}.Release|x64.Build.0 = Release|x64
		{154A466B-E34B-43A9-8B62-601610FF3975}.Release|x86.ActiveCfg = Release|Win32
		{154A466B-E34B-43A9-8B62-601610FF3975}.Release|x86.Build.0 = Release|Win32
		{EAD76EB4-6BB4-4248-8772-CF97569445E1}.Debug|x64.ActiveCfg = Debug|x64
		{EAD76EB4-6BB4-4248-8772-CF97569445E1}.Debug|x64.Build.0 = Debug|x64
		{EAD76EB4-6BB4-4248-8772-CF97569445E1}.Debug|x86.ActiveCfg = Debug|Win32
		{EAD76EB4-6BB4-4248-8772-CF97569445E1}.Debug|x86.Build.0 = Debug|Win32
		{EAD76EB4-6BB4-4248-8772-CF97569445E1}.Release|x64.ActiveCfg = Release|x64
		{EAD76EB4-6BB4-4248-8772-CF97569445E1}.Release|x64.Build.0 = Release|x64
		{EAD76EB4-6BB4-4248-8772-CF97569445E1}.Release|x86.ActiveCfg = Release|Win32
		{EAD76EB4-6BB4-4248-8772-CF97569445E1}.Release|x86.Build.0 = Release|Win32
		{5DECEEAE-6648-47F7-8B2A-D9A4E95028C7}.Debug|x64.ActiveCfg = Debug|x64
		{5DECEEAE-6648-47F7-8B2A-D9A4E95028C7}.Debug|x64.Build.0 = Debug|x64
		{5DECEEAE-6648-47F7-8B2A-D9A4E95028C7}.Debug|x86.ActiveCfg = Debug|Win32
		{5DECEEAE-6648-47F7-8B2A-D9A4E95028C7}.Debug|x86.Build.0 = Debug|Win32
		{5DECEEAE-6648-47F7-8B2A-D9A4E95028C7}.Release|x64.ActiveCfg = Release|x64
		{5DECEEAE-6648-47F7-8B2A-D9A4E95028C7}.Release|x64.Build.0 = Release|x64
		{5DECEEAE-6648-47F7-8B2A-D9A4E95028C7}.Release|x86.ActiveCfg = Release|Win32
		{5DECEEAE-6648-47F7-8B2A-D9A4E95028C7}.Release|x86.Build.0 = Release|Win32
		{619768C7-E28C-4F2D-9CFC-AA3E3BA56E88}.Debug|x64.ActiveCfg = Debug|x64
		{619768C7-E28C-4F2D-9CFC-AA3E3BA56E88}.Debug|x64.Build.0 = Debug|x64
		{619768C7-E28C-4F2D-9CFC-AA3E3BA56E88}.Debug|x86.ActiveCfg = Debug|Win32
		{619768C7-E28C-4F2D-9CFC-AA3E3BA56E88}.Debug|x86.Build.0 = Debug|Win32
		{619768C7-E28C-4F2D-9CFC-AA3E3BA56E88}.Release|x64.ActiveCfg = Release|x64
		{619768C7-E28C-4F2D-9CFC-AA3E3BA56E88}.Release|x64.Build.0 = Release|x64
		{619768C7-E28C-4F2D-9CFC-AA3E3BA56E88}.Release|x86.ActiveCfg = Release|Win32
		{619768C7-E28C-4F2D-9CFC-AA3E3BA56E88}.Release|x86.Build.0 = Release|Win32
		{1D912894-05EF-4673-A291-BB7705CDE347}.Debug|x64.ActiveCfg = Debug|x64
		{1D912894-05EF-4673-A291-BB7705CDE347}.Debug|x64.Build.0 = Debug|x64
		{1D912894-05EF-4673-A291-BB7705CDE347}.Debug|x86.ActiveCfg = Debug|Win32
		{1D912894-05EF-4673-A291-BB7705CDE347}.Debug|x86.Build.0 = Debug|Win32
		{1D912894-05EF-4673-A291-BB7705CDE347}.Release|x64.ActiveCfg = Release|x64
		{1D912894-05EF-4673-A291-BB7705CDE347}.Release|x64.Build.0 = Release|x64
		{1D912894-05EF-4673-A291-BB7705CDE347}.Release|x86.ActiveCfg = Release|Win32
		{1D912894-05EF-4673-A291-BB7705CDE347}.Release|x86.Build.0 = Release|Win32
		{A5A96B9C-C73A-494B-98B3-AC236D48B5AC}.Debug|x64.ActiveCfg = Debug|x64
		{A5A96B9C-C73A-494B-98B3-AC236D48B5AC}.Debug|x64.Build.0 = Debug|x64
		{A5A96B9C-C73A-494B-98B3-AC236D48B5AC}.Debug|x86.ActiveCfg = Debug|Win32
		{A5A96B9C-C73A-494B-98B3-AC236D48B5AC}.Debug|x86.Build.0 = Debug|Win32
		{A5A96B9C-C73A-494B-98B3-AC236D48B5AC}.Release|x64.ActiveCfg = Release|x64
		{A5A96B9C-C73A-494B-98B3-AC236D48B5AC}.Release|x64.Build.0 = Release|x64
		{A5A96B9C-C73A-494B-98B3-AC236D48B5AC}.Release|x86.ActiveCfg = Release|Win32
		{A5A96B9C-C73A-494B-98B3-AC236D48B5AC}.Release|x86.Build.0 = Release|Win32
		{604CD2F0-EA39-4A54-B98B-E90B40B5D962}.Debug|x64.ActiveCfg = Debug|x64
		{604CD2F0-EA39-4A54-B98B-E90B40B5D962}.Debug|x64.Build.0 = Debug|x64
		{604CD2F0-EA39-4A54-B98B-E90B40B5D962}.Debug|x86.ActiveCfg = Debug|Win32
		{604CD2F0-EA39-4A54-B98B-E90B40B5D962}.Debug|x86.Build.0 = Debug|Win32
		{604CD2F0-EA39-4A54-B98B-E90B40B5D962}.Release|x64.ActiveCfg = Release|x64
		{604CD2F0-EA39-4A54-B98B-E90B40B5D962}.Release|x64.Build.0 = Release|x64
		{604CD2F0-EA39-4A54-B98B-E90B40B5D962}.Release|x86.ActiveCfg = Release|Win32
		{604CD2F0-EA39-4A54-B98B-E90B40B5D962}.Release|x86.Build.0 = Release|Win32
	EndGlobalSection
	GlobalSection(SolutionProperties) = preSolution
		HideSolutionNode = FALSE
	EndGlobalSection
	GlobalSection(NestedProjects) = preSolution
		{154A466B-E34B-43A9-8B62-601610FF3975} = {F6827C29-591F-458F-AD2B-9594871DE5A4}
		{EAD76EB4-6BB4-4248-8772-CF97569445E1} = {59BB0F28-18BF-4848-A0EC-C9238DC1D88A}
		{5DECEEAE-6648-47F7-8B2A-D9A4E95028C7} = {18DCF705-8822-43E9-B5D1-6B8FE1F726FF}
		{619768C7-E28C-4F2D-9CFC-AA3E3BA56E88} = {8BDA2000-DD16-46BB-8506-826E65093B85}
		{1D912894-05EF-4673-A291-BB7705CDE347} = {38D28C57-2078-4B9E-B554-76D335143B50}
		{A5A96B9C-C73A-494B-98B3-AC236D48B5AC} = {83C8AE16-E89F-4314-BA0C-EFE11C5566BA}
		{604CD2F0-EA39-4A54-B98B-E90B40B5D962} = {83BCE6C1-483B-42A6-9C03-694CD0497EF7}
	EndGlobalSection
	GlobalSection(ExtensibilityGlobals) = postSolution
		SolutionGuid = {027BCAF5-7101-424F-A393-D607C968AA30}
	EndGlobalSection
EndGlobal
