
Microsoft Visual Studio Solution File, Format Version 12.00
# Visual Studio Version 17
VisualStudioVersion = 17.12.35707.178
MinimumVisualStudioVersion = 10.0.40219.1
Project("{2150E333-8FDC-42A3-9474-1A3956D46DE8}") = "CH2", "CH2", "{F6827C29-591F-458F-AD2B-9594871DE5A4}"
EndProject
Project("{8BC9CEB8-8B4A-11D0-8D11-00A0C91BC942}") = "ch02", "..\ch02\ch02.vcxproj", "{154A466B-E34B-43A9-8B62-601610FF3975}"
EndProject
Project("{2150E333-8FDC-42A3-9474-1A3956D46DE8}") = "CH3", "CH3", "{18DCF705-8822-43E9-B5D1-6B8FE1F726FF}"
EndProject
Project("{8BC9CEB8-8B4A-11D0-8D11-00A0C91BC942}") = "ch03", "..\ch03\ch03.vcxproj", "{5DECEEAE-6648-47F7-8B2A-D9A4E95028C7}"
EndProject
Project("{2150E333-8FDC-42A3-9474-1A3956D46DE8}") = "CH4", "CH4", "{8BDA2000-DD16-46BB-8506-826E65093B85}"
EndProject
Project("{8BC9CEB8-8B4A-11D0-8D11-00A0C91BC942}") = "ch4!", "..\ch4!\ch4!.vcxproj", "{619768C7-E28C-4F2D-9CFC-AA3E3BA56E88}"
EndProject
Project("{2150E333-8FDC-42A3-9474-1A3956D46DE8}") = "CH5", "CH5", "{38D28C57-2078-4B9E-B554-76D335143B50}"
EndProject
Project("{8BC9CEB8-8B4A-11D0-8D11-00A0C91BC942}") = "CH.5", "..\CH.5\CH.5.vcxproj", "{1D912894-05EF-4673-A291-BB7705CDE347}"
EndProject
Project("{2150E333-8FDC-42A3-9474-1A3956D46DE8}") = "CH6", "CH6", "{83C8AE16-E89F-4314-BA0C-EFE11C5566BA}"
EndProject
Project("{8BC9CEB8-8B4A-11D0-8D11-00A0C91BC942}") = "ch6", "..\ch6\ch6.vcxproj", "{A5A96B9C-C73A-494B-98B3-AC236D48B5AC}"
EndProject
Project("{2150E333-8FDC-42A3-9474-1A3956D46DE8}") = "CH7", "CH7", "{83BCE6C1-483B-42A6-9C03-694CD0497EF7}"
EndProject
Project("{8BC9CEB8-8B4A-11D0-8D11-00A0C91BC942}") = "CH7", "..\CH7\CH7.vcxproj", "{604CD2F0-EA39-4A54-B98B-E90B40B5D962}"
EndProject
Project("{2150E333-8FDC-42A3-9474-1A3956D46DE8}") = "CH8", "CH8", "{16D11A93-829C-44FF-999C-1F6D8C3021A9}"
EndProject
Project("{8BC9CEB8-8B4A-11D0-8D11-00A0C91BC942}") = "CH.8", "..\CH.8\CH.8.vcxproj", "{BD789AA3-B031-4123-8D67-DFF1456A9612}"
EndProject
Project("{2150E333-8FDC-42A3-9474-1A3956D46DE8}") = "CH9", "CH9", "{970EF398-2D9B-4476-AC54-2A610CC9C008}"
EndProject
Project("{8BC9CEB8-8B4A-11D0-8D11-00A0C91BC942}") = "CH.9", "..\CH.9\CH.9.vcxproj", "{B8D5EE1A-B734-4360-A188-71C90980FE9C}"
EndProject
Project("{2150E333-8FDC-42A3-9474-1A3956D46DE8}") = "CH10", "CH10", "{8A57B228-E6A1-4BCA-A295-597C9A3DC9ED}"
EndProject
Project("{8BC9CEB8-8B4A-11D0-8D11-00A0C91BC942}") = "CH10", "..\CH10\CH10.vcxproj", "{28AD36D1-7920-4483-B6CB-BAFBB66BC1DA}"
EndProject
Project("{2150E333-8FDC-42A3-9474-1A3956D46DE8}") = "CH11", "CH11", "{DDC9DC85-A56E-44C2-9790-C1B12E57067E}"
EndProject
Project("{8BC9CEB8-8B4A-11D0-8D11-00A0C91BC942}") = "CH.11", "..\CH.11\CH.11.vcxproj", "{BF191707-1E21-480F-9E19-0CE309729A1A}"
EndProject
Project("{2150E333-8FDC-42A3-9474-1A3956D46DE8}") = "CH12", "CH12", "{89038101-E687-4A99-915D-DB3043FB9C07}"
EndProject
Project("{8BC9CEB8-8B4A-11D0-8D11-00A0C91BC942}") = "CH.12", "..\CH.12\CH.12.vcxproj", "{DB2B10A4-07E9-4084-B608-17C3DFDF5B60}"
EndProject
Project("{2150E333-8FDC-42A3-9474-1A3956D46DE8}") = "CH13", "CH13", "{234A7914-7BD5-4175-94DA-8C70CAC69B5B}"
EndProject
Project("{8BC9CEB8-8B4A-11D0-8D11-00A0C91BC942}") = "CH.13", "..\CH.13\CH.13.vcxproj", "{2D8B6530-5EDA-4DA5-BD75-DD924402636E}"
EndProject
Project("{2150E333-8FDC-42A3-9474-1A3956D46DE8}") = "InventoryFunc", "InventoryFunc", "{C8D5274F-AC00-46C7-1F8D-E88E81087A52}"
EndProject
Project("{8BC9CEB8-8B4A-11D0-8D11-00A0C91BC942}") = "inventoryFunc", "..\inventoryFunc\inventoryFunc.vcxproj", "{AB329A5E-A8AC-4D32-833D-DF53CC2D807F}"
EndProject
Project("{2150E333-8FDC-42A3-9474-1A3956D46DE8}") = "project", "project", "{E8FE7A54-291B-4CC3-83F5-F84AD27902FC}"
EndProject
Project("{8BC9CEB8-8B4A-11D0-8D11-00A0C91BC942}") = "Project1", "Project1\Project1.vcxproj", "{C71E619F-9F01-411E-92C6-D80A9A027AE2}"
EndProject
Global
	GlobalSection(SolutionConfigurationPlatforms) = preSolution
		Debug|x64 = Debug|x64
		Debug|x86 = Debug|x86
		Release|x64 = Release|x64
		Release|x86 = Release|x86
	EndGlobalSection
	GlobalSection(ProjectConfigurationPlatforms) = postSolution
		{154A466B-E34B-43A9-8B62-601610FF3975}.Debug|x64.ActiveCfg = Debug|x64
		{154A466B-E34B-43A9-8B62-601610FF3975}.Debug|x64.Build.0 = Debug|x64
		{154A466B-E34B-43A9-8B62-601610FF3975}.Debug|x86.ActiveCfg = Debug|Win32
		{154A466B-E34B-43A9-8B62-601610FF3975}.Debug|x86.Build.0 = Debug|Win32
		{154A466B-E34B-43A9-8B62-601610FF3975}.Release|x64.ActiveCfg = Release|x64
		{154A466B-E34B-43A9-8B62-601610FF3975}.Release|x64.Build.0 = Release|x64
		{154A466B-E34B-43A9-8B62-601610FF3975}.Release|x86.ActiveCfg = Release|Win32
		{154A466B-E34B-43A9-8B62-601610FF3975}.Release|x86.Build.0 = Release|Win32
		{5DECEEAE-6648-47F7-8B2A-D9A4E95028C7}.Debug|x64.ActiveCfg = Debug|x64
		{5DECEEAE-6648-47F7-8B2A-D9A4E95028C7}.Debug|x64.Build.0 = Debug|x64
		{5DECEEAE-6648-47F7-8B2A-D9A4E95028C7}.Debug|x86.ActiveCfg = Debug|Win32
		{5DECEEAE-6648-47F7-8B2A-D9A4E95028C7}.Debug|x86.Build.0 = Debug|Win32
		{5DECEEAE-6648-47F7-8B2A-D9A4E95028C7}.Release|x64.ActiveCfg = Release|x64
		{5DECEEAE-6648-47F7-8B2A-D9A4E95028C7}.Release|x64.Build.0 = Release|x64
		{5DECEEAE-6648-47F7-8B2A-D9A4E95028C7}.Release|x86.ActiveCfg = Release|Win32
		{5DECEEAE-6648-47F7-8B2A-D9A4E95028C7}.Release|x86.Build.0 = Release|Win32
		{619768C7-E28C-4F2D-9CFC-AA3E3BA56E88}.Debug|x64.ActiveCfg = Debug|x64
		{619768C7-E28C-4F2D-9CFC-AA3E3BA56E88}.Debug|x64.Build.0 = Debug|x64
		{619768C7-E28C-4F2D-9CFC-AA3E3BA56E88}.Debug|x86.ActiveCfg = Debug|Win32
		{619768C7-E28C-4F2D-9CFC-AA3E3BA56E88}.Debug|x86.Build.0 = Debug|Win32
		{619768C7-E28C-4F2D-9CFC-AA3E3BA56E88}.Release|x64.ActiveCfg = Release|x64
		{619768C7-E28C-4F2D-9CFC-AA3E3BA56E88}.Release|x64.Build.0 = Release|x64
		{619768C7-E28C-4F2D-9CFC-AA3E3BA56E88}.Release|x86.ActiveCfg = Release|Win32
		{619768C7-E28C-4F2D-9CFC-AA3E3BA56E88}.Release|x86.Build.0 = Release|Win32
		{1D912894-05EF-4673-A291-BB7705CDE347}.Debug|x64.ActiveCfg = Debug|x64
		{1D912894-05EF-4673-A291-BB7705CDE347}.Debug|x64.Build.0 = Debug|x64
		{1D912894-05EF-4673-A291-BB7705CDE347}.Debug|x86.ActiveCfg = Debug|Win32
		{1D912894-05EF-4673-A291-BB7705CDE347}.Debug|x86.Build.0 = Debug|Win32
		{1D912894-05EF-4673-A291-BB7705CDE347}.Release|x64.ActiveCfg = Release|x64
		{1D912894-05EF-4673-A291-BB7705CDE347}.Release|x64.Build.0 = Release|x64
		{1D912894-05EF-4673-A291-BB7705CDE347}.Release|x86.ActiveCfg = Release|Win32
		{1D912894-05EF-4673-A291-BB7705CDE347}.Release|x86.Build.0 = Release|Win32
		{A5A96B9C-C73A-494B-98B3-AC236D48B5AC}.Debug|x64.ActiveCfg = Debug|x64
		{A5A96B9C-C73A-494B-98B3-AC236D48B5AC}.Debug|x64.Build.0 = Debug|x64
		{A5A96B9C-C73A-494B-98B3-AC236D48B5AC}.Debug|x86.ActiveCfg = Debug|Win32
		{A5A96B9C-C73A-494B-98B3-AC236D48B5AC}.Debug|x86.Build.0 = Debug|Win32
		{A5A96B9C-C73A-494B-98B3-AC236D48B5AC}.Release|x64.ActiveCfg = Release|x64
		{A5A96B9C-C73A-494B-98B3-AC236D48B5AC}.Release|x64.Build.0 = Release|x64
		{A5A96B9C-C73A-494B-98B3-AC236D48B5AC}.Release|x86.ActiveCfg = Release|Win32
		{A5A96B9C-C73A-494B-98B3-AC236D48B5AC}.Release|x86.Build.0 = Release|Win32
		{604CD2F0-EA39-4A54-B98B-E90B40B5D962}.Debug|x64.ActiveCfg = Debug|x64
		{604CD2F0-EA39-4A54-B98B-E90B40B5D962}.Debug|x64.Build.0 = Debug|x64
		{604CD2F0-EA39-4A54-B98B-E90B40B5D962}.Debug|x86.ActiveCfg = Debug|Win32
		{604CD2F0-EA39-4A54-B98B-E90B40B5D962}.Debug|x86.Build.0 = Debug|Win32
		{604CD2F0-EA39-4A54-B98B-E90B40B5D962}.Release|x64.ActiveCfg = Release|x64
		{604CD2F0-EA39-4A54-B98B-E90B40B5D962}.Release|x64.Build.0 = Release|x64
		{604CD2F0-EA39-4A54-B98B-E90B40B5D962}.Release|x86.ActiveCfg = Release|Win32
		{604CD2F0-EA39-4A54-B98B-E90B40B5D962}.Release|x86.Build.0 = Release|Win32
		{BD789AA3-B031-4123-8D67-DFF1456A9612}.Debug|x64.ActiveCfg = Debug|x64
		{BD789AA3-B031-4123-8D67-DFF1456A9612}.Debug|x64.Build.0 = Debug|x64
		{BD789AA3-B031-4123-8D67-DFF1456A9612}.Debug|x86.ActiveCfg = Debug|Win32
		{BD789AA3-B031-4123-8D67-DFF1456A9612}.Debug|x86.Build.0 = Debug|Win32
		{BD789AA3-B031-4123-8D67-DFF1456A9612}.Release|x64.ActiveCfg = Release|x64
		{BD789AA3-B031-4123-8D67-DFF1456A9612}.Release|x64.Build.0 = Release|x64
		{BD789AA3-B031-4123-8D67-DFF1456A9612}.Release|x86.ActiveCfg = Release|Win32
		{BD789AA3-B031-4123-8D67-DFF1456A9612}.Release|x86.Build.0 = Release|Win32
		{B8D5EE1A-B734-4360-A188-71C90980FE9C}.Debug|x64.ActiveCfg = Debug|x64
		{B8D5EE1A-B734-4360-A188-71C90980FE9C}.Debug|x64.Build.0 = Debug|x64
		{B8D5EE1A-B734-4360-A188-71C90980FE9C}.Debug|x86.ActiveCfg = Debug|Win32
		{B8D5EE1A-B734-4360-A188-71C90980FE9C}.Debug|x86.Build.0 = Debug|Win32
		{B8D5EE1A-B734-4360-A188-71C90980FE9C}.Release|x64.ActiveCfg = Release|x64
		{B8D5EE1A-B734-4360-A188-71C90980FE9C}.Release|x64.Build.0 = Release|x64
		{B8D5EE1A-B734-4360-A188-71C90980FE9C}.Release|x86.ActiveCfg = Release|Win32
		{B8D5EE1A-B734-4360-A188-71C90980FE9C}.Release|x86.Build.0 = Release|Win32
		{28AD36D1-7920-4483-B6CB-BAFBB66BC1DA}.Debug|x64.ActiveCfg = Debug|x64
		{28AD36D1-7920-4483-B6CB-BAFBB66BC1DA}.Debug|x64.Build.0 = Debug|x64
		{28AD36D1-7920-4483-B6CB-BAFBB66BC1DA}.Debug|x86.ActiveCfg = Debug|Win32
		{28AD36D1-7920-4483-B6CB-BAFBB66BC1DA}.Debug|x86.Build.0 = Debug|Win32
		{28AD36D1-7920-4483-B6CB-BAFBB66BC1DA}.Release|x64.ActiveCfg = Release|x64
		{28AD36D1-7920-4483-B6CB-BAFBB66BC1DA}.Release|x64.Build.0 = Release|x64
		{28AD36D1-7920-4483-B6CB-BAFBB66BC1DA}.Release|x86.ActiveCfg = Release|Win32
		{28AD36D1-7920-4483-B6CB-BAFBB66BC1DA}.Release|x86.Build.0 = Release|Win32
		{BF191707-1E21-480F-9E19-0CE309729A1A}.Debug|x64.ActiveCfg = Debug|x64
		{BF191707-1E21-480F-9E19-0CE309729A1A}.Debug|x64.Build.0 = Debug|x64
		{BF191707-1E21-480F-9E19-0CE309729A1A}.Debug|x86.ActiveCfg = Debug|Win32
		{BF191707-1E21-480F-9E19-0CE309729A1A}.Debug|x86.Build.0 = Debug|Win32
		{BF191707-1E21-480F-9E19-0CE309729A1A}.Release|x64.ActiveCfg = Release|x64
		{BF191707-1E21-480F-9E19-0CE309729A1A}.Release|x64.Build.0 = Release|x64
		{BF191707-1E21-480F-9E19-0CE309729A1A}.Release|x86.ActiveCfg = Release|Win32
		{BF191707-1E21-480F-9E19-0CE309729A1A}.Release|x86.Build.0 = Release|Win32
		{DB2B10A4-07E9-4084-B608-17C3DFDF5B60}.Debug|x64.ActiveCfg = Debug|x64
		{DB2B10A4-07E9-4084-B608-17C3DFDF5B60}.Debug|x64.Build.0 = Debug|x64
		{DB2B10A4-07E9-4084-B608-17C3DFDF5B60}.Debug|x86.ActiveCfg = Debug|Win32
		{DB2B10A4-07E9-4084-B608-17C3DFDF5B60}.Debug|x86.Build.0 = Debug|Win32
		{DB2B10A4-07E9-4084-B608-17C3DFDF5B60}.Release|x64.ActiveCfg = Release|x64
		{DB2B10A4-07E9-4084-B608-17C3DFDF5B60}.Release|x64.Build.0 = Release|x64
		{DB2B10A4-07E9-4084-B608-17C3DFDF5B60}.Release|x86.ActiveCfg = Release|Win32
		{DB2B10A4-07E9-4084-B608-17C3DFDF5B60}.Release|x86.Build.0 = Release|Win32
		{2D8B6530-5EDA-4DA5-BD75-DD924402636E}.Debug|x64.ActiveCfg = Debug|x64
		{2D8B6530-5EDA-4DA5-BD75-DD924402636E}.Debug|x64.Build.0 = Debug|x64
		{2D8B6530-5EDA-4DA5-BD75-DD924402636E}.Debug|x86.ActiveCfg = Debug|Win32
		{2D8B6530-5EDA-4DA5-BD75-DD924402636E}.Debug|x86.Build.0 = Debug|Win32
		{2D8B6530-5EDA-4DA5-BD75-DD924402636E}.Release|x64.ActiveCfg = Release|x64
		{2D8B6530-5EDA-4DA5-BD75-DD924402636E}.Release|x64.Build.0 = Release|x64
		{2D8B6530-5EDA-4DA5-BD75-DD924402636E}.Release|x86.ActiveCfg = Release|Win32
		{2D8B6530-5EDA-4DA5-BD75-DD924402636E}.Release|x86.Build.0 = Release|Win32
		{AB329A5E-A8AC-4D32-833D-DF53CC2D807F}.Debug|x64.ActiveCfg = Debug|x64
		{AB329A5E-A8AC-4D32-833D-DF53CC2D807F}.Debug|x64.Build.0 = Debug|x64
		{AB329A5E-A8AC-4D32-833D-DF53CC2D807F}.Debug|x86.ActiveCfg = Debug|Win32
		{AB329A5E-A8AC-4D32-833D-DF53CC2D807F}.Debug|x86.Build.0 = Debug|Win32
		{AB329A5E-A8AC-4D32-833D-DF53CC2D807F}.Release|x64.ActiveCfg = Release|x64
		{AB329A5E-A8AC-4D32-833D-DF53CC2D807F}.Release|x64.Build.0 = Release|x64
		{AB329A5E-A8AC-4D32-833D-DF53CC2D807F}.Release|x86.ActiveCfg = Release|Win32
		{AB329A5E-A8AC-4D32-833D-DF53CC2D807F}.Release|x86.Build.0 = Release|Win32
		{C71E619F-9F01-411E-92C6-D80A9A027AE2}.Debug|x64.ActiveCfg = Debug|x64
		{C71E619F-9F01-411E-92C6-D80A9A027AE2}.Debug|x64.Build.0 = Debug|x64
		{C71E619F-9F01-411E-92C6-D80A9A027AE2}.Debug|x86.ActiveCfg = Debug|Win32
		{C71E619F-9F01-411E-92C6-D80A9A027AE2}.Debug|x86.Build.0 = Debug|Win32
		{C71E619F-9F01-411E-92C6-D80A9A027AE2}.Release|x64.ActiveCfg = Release|x64
		{C71E619F-9F01-411E-92C6-D80A9A027AE2}.Release|x64.Build.0 = Release|x64
		{C71E619F-9F01-411E-92C6-D80A9A027AE2}.Release|x86.ActiveCfg = Release|Win32
		{C71E619F-9F01-411E-92C6-D80A9A027AE2}.Release|x86.Build.0 = Release|Win32
	EndGlobalSection
	GlobalSection(SolutionProperties) = preSolution
		HideSolutionNode = FALSE
	EndGlobalSection
	GlobalSection(NestedProjects) = preSolution
		{154A466B-E34B-43A9-8B62-601610FF3975} = {F6827C29-591F-458F-AD2B-9594871DE5A4}
		{5DECEEAE-6648-47F7-8B2A-D9A4E95028C7} = {18DCF705-8822-43E9-B5D1-6B8FE1F726FF}
		{619768C7-E28C-4F2D-9CFC-AA3E3BA56E88} = {8BDA2000-DD16-46BB-8506-826E65093B85}
		{1D912894-05EF-4673-A291-BB7705CDE347} = {38D28C57-2078-4B9E-B554-76D335143B50}
		{A5A96B9C-C73A-494B-98B3-AC236D48B5AC} = {83C8AE16-E89F-4314-BA0C-EFE11C5566BA}
		{604CD2F0-EA39-4A54-B98B-E90B40B5D962} = {83BCE6C1-483B-42A6-9C03-694CD0497EF7}
		{BD789AA3-B031-4123-8D67-DFF1456A9612} = {16D11A93-829C-44FF-999C-1F6D8C3021A9}
		{B8D5EE1A-B734-4360-A188-71C90980FE9C} = {970EF398-2D9B-4476-AC54-2A610CC9C008}
		{28AD36D1-7920-4483-B6CB-BAFBB66BC1DA} = {8A57B228-E6A1-4BCA-A295-597C9A3DC9ED}
		{BF191707-1E21-480F-9E19-0CE309729A1A} = {DDC9DC85-A56E-44C2-9790-C1B12E57067E}
		{DB2B10A4-07E9-4084-B608-17C3DFDF5B60} = {89038101-E687-4A99-915D-DB3043FB9C07}
		{2D8B6530-5EDA-4DA5-BD75-DD924402636E} = {234A7914-7BD5-4175-94DA-8C70CAC69B5B}
		{AB329A5E-A8AC-4D32-833D-DF53CC2D807F} = {C8D5274F-AC00-46C7-1F8D-E88E81087A52}
		{C71E619F-9F01-411E-92C6-D80A9A027AE2} = {E8FE7A54-291B-4CC3-83F5-F84AD27902FC}
	EndGlobalSection
	GlobalSection(ExtensibilityGlobals) = postSolution
		SolutionGuid = {027BCAF5-7101-424F-A393-D607C968AA30}
	EndGlobalSection
EndGlobal
